
Microsoft Visual Studio Solution File, Format Version 12.00
# Visual Studio Version 17
VisualStudioVersion = 17.13.35931.197
MinimumVisualStudioVersion = 10.0.40219.1
Project("{FAE04EC0-301F-11D3-BF4B-00C04F79EFBC}") = "HST WINDOWS UTILITY", "HST WINDOWS UTILITY\HST WINDOWS UTILITY.csproj", "{325D8BB8-2AFA-446C-BF5E-17632A580570}"
EndProject
Global
	GlobalSection(SolutionConfigurationPlatforms) = preSolution
		Debug|Any CPU = Debug|Any CPU
		Release|Any CPU = Release|Any CPU
	EndGlobalSection
	GlobalSection(ProjectConfigurationPlatforms) = postSolution
		{325D8BB8-2AFA-446C-BF5E-17632A580570}.Debug|Any CPU.ActiveCfg = Debug|Any CPU
		{325D8BB8-2AFA-446C-BF5E-17632A580570}.Debug|Any CPU.Build.0 = Debug|Any CPU
		{325D8BB8-2AFA-446C-BF5E-17632A580570}.Release|Any CPU.ActiveCfg = Release|Any CPU
		{325D8BB8-2AFA-446C-BF5E-17632A580570}.Release|Any CPU.Build.0 = Release|Any CPU
	EndGlobalSection
	GlobalSection(SolutionProperties) = preSolution
		HideSolutionNode = FALSE
	EndGlobalSection
	GlobalSection(ExtensibilityGlobals) = postSolution
		SolutionGuid = {674909C0-02E6-452C-A60A-B9E8545749E9}
	EndGlobalSection
EndGlobal
